<Solution>
  <Project Path="BudgetApp.Api/BudgetApp.Api.csproj" Id="15d015ad-92e3-493d-9da9-1b136011f1a2" />
  <Project Path="BudgetApp.Application/BudgetApp.Application.csproj" Id="2816a6cd-c52b-4a09-8bd4-c074fab2ffe8" />
  <Project Path="BudgetApp.Domain/BudgetApp.Domain.csproj" Id="b2bed733-afb0-4f2e-81bb-fdd325d1fb82" />
  <Project Path="BudgetApp.Infrastructure/BudgetApp.Infrastructure.csproj" Id="655d7775-cd26-4193-908e-be68b0d729fa" />
</Solution>
